# THIS IS AN AUTOGENERATED FILE. DO NOT EDIT THIS FILE DIRECTLY.
# yarn lockfile v1


aos@^2.3.4:
  version "2.3.4"
  resolved "https://registry.yarnpkg.com/aos/-/aos-2.3.4.tgz#eb1c29f5c1806a197cf6323080747547edd3db8e"
  integrity sha512-zh/ahtR2yME4I51z8IttIt4lC1Nw0ktsFtmeDzID1m9naJnWXhCoARaCgNOGXb5CLy3zm+wqmRAEgMYB5E2HUw==
  dependencies:
    classlist-polyfill "^1.0.3"
    lodash.debounce "^4.0.6"
    lodash.throttle "^4.0.1"

classlist-polyfill@^1.0.3:
  version "1.2.0"
  resolved "https://registry.yarnpkg.com/classlist-polyfill/-/classlist-polyfill-1.2.0.tgz#935bc2dfd9458a876b279617514638bcaa964a2e"
  integrity sha1-k1vC39lFiodrJ5YXUUY4vKqWSi4=

lodash.debounce@^4.0.6:
  version "4.0.8"
  resolved "https://registry.yarnpkg.com/lodash.debounce/-/lodash.debounce-4.0.8.tgz#82d79bff30a67c4005ffd5e2515300ad9ca4d7af"
  integrity sha1-gteb/zCmfEAF/9XiUVMArZyk168=

lodash.throttle@^4.0.1:
  version "4.1.1"
  resolved "https://registry.yarnpkg.com/lodash.throttle/-/lodash.throttle-4.1.1.tgz#c23e91b710242ac70c37f1e1cda9274cc39bf2f4"
  integrity sha1-wj6RtxAkKscMN/HhzaknTMOb8vQ=
